// !$*UTF8*$!
{
	archiveVersion = 1;
	classes = {
	};
	objectVersion = 50;
	objects = {

/* Begin PBXBuildFile section */
		1E1BBEF92354215D00E659A8 /* Constants.swift in Sources */ = {isa = PBXBuildFile; fileRef = 1E1BBEF82354215D00E659A8 /* Constants.swift */; };
		1E30E082235A067C00BD6D33 /* MetalsCountView.swift in Sources */ = {isa = PBXBuildFile; fileRef = 1E30E081235A067C00BD6D33 /* MetalsCountView.swift */; };
		1E30E084235C86FF00BD6D33 /* TutorialOverlay.swift in Sources */ = {isa = PBXBuildFile; fileRef = 1E30E083235C86FF00BD6D33 /* TutorialOverlay.swift */; };
		1E888FB42354243100DAA6A8 /* MenuViewController.swift in Sources */ = {isa = PBXBuildFile; fileRef = 1E888FB32354243100DAA6A8 /* MenuViewController.swift */; };
		1E888FB623546ABA00DAA6A8 /* GameNodes.swift in Sources */ = {isa = PBXBuildFile; fileRef = 1E888FB523546ABA00DAA6A8 /* GameNodes.swift */; };
		1E888FB82354ADA700DAA6A8 /* Materials.swift in Sources */ = {isa = PBXBuildFile; fileRef = 1E888FB72354ADA700DAA6A8 /* Materials.swift */; };
		1E888FBA2354AE8100DAA6A8 /* GameController.swift in Sources */ = {isa = PBXBuildFile; fileRef = 1E888FB92354AE8100DAA6A8 /* GameController.swift */; };
		1E888FBD2354B96100DAA6A8 /* InstructionOverlayView.swift in Sources */ = {isa = PBXBuildFile; fileRef = 1E888FBC2354B96100DAA6A8 /* InstructionOverlayView.swift */; };
		1E888FBF2354BFDA00DAA6A8 /* NoticePaddingLabel.swift in Sources */ = {isa = PBXBuildFile; fileRef = 1E888FBE2354BFDA00DAA6A8 /* NoticePaddingLabel.swift */; };
		1E93FF75235319D800278414 /* AppDelegate.swift in Sources */ = {isa = PBXBuildFile; fileRef = 1E93FF74235319D800278414 /* AppDelegate.swift */; };
		1E93FF79235319D800278414 /* MainGameViewController.swift in Sources */ = {isa = PBXBuildFile; fileRef = 1E93FF78235319D800278414 /* MainGameViewController.swift */; };
		1E93FF7E235319DC00278414 /* Assets.xcassets in Resources */ = {isa = PBXBuildFile; fileRef = 1E93FF7D235319DC00278414 /* Assets.xcassets */; };
		1E93FF81235319DC00278414 /* LaunchScreen.storyboard in Resources */ = {isa = PBXBuildFile; fileRef = 1E93FF7F235319DC00278414 /* LaunchScreen.storyboard */; };
		1E93FF8923535EB200278414 /* Utilities.swift in Sources */ = {isa = PBXBuildFile; fileRef = 1E93FF8823535EB200278414 /* Utilities.swift */; };
		1E93FF8D2353634F00278414 /* Models.scnassets in Resources */ = {isa = PBXBuildFile; fileRef = 1E93FF8C2353634F00278414 /* Models.scnassets */; };
		1EAC57AC2355A7D800AEB2AC /* GameFlowController.swift in Sources */ = {isa = PBXBuildFile; fileRef = 1EAC57AB2355A7D800AEB2AC /* GameFlowController.swift */; };
		1EB59741235748150096F9F6 /* BluredView.swift in Sources */ = {isa = PBXBuildFile; fileRef = 1EB59740235748150096F9F6 /* BluredView.swift */; };
		1EB5974423589FCE0096F9F6 /* GameKit.framework in Frameworks */ = {isa = PBXBuildFile; fileRef = 1EB5974323589FCE0096F9F6 /* GameKit.framework */; };
		1EB5974623589FD80096F9F6 /* StoreKit.framework in Frameworks */ = {isa = PBXBuildFile; fileRef = 1EB5974523589FD80096F9F6 /* StoreKit.framework */; };
		1EB5974A2359BF4A0096F9F6 /* SettingsViewController.swift in Sources */ = {isa = PBXBuildFile; fileRef = 1EB597492359BF4A0096F9F6 /* SettingsViewController.swift */; };
/* End PBXBuildFile section */

/* Begin PBXFileReference section */
		1E1BBEF82354215D00E659A8 /* Constants.swift */ = {isa = PBXFileReference; lastKnownFileType = sourcecode.swift; path = Constants.swift; sourceTree = "<group>"; };
		1E30E081235A067C00BD6D33 /* MetalsCountView.swift */ = {isa = PBXFileReference; lastKnownFileType = sourcecode.swift; path = MetalsCountView.swift; sourceTree = "<group>"; };
		1E30E083235C86FF00BD6D33 /* TutorialOverlay.swift */ = {isa = PBXFileReference; lastKnownFileType = sourcecode.swift; path = TutorialOverlay.swift; sourceTree = "<group>"; };
		1E888FB32354243100DAA6A8 /* MenuViewController.swift */ = {isa = PBXFileReference; lastKnownFileType = sourcecode.swift; path = MenuViewController.swift; sourceTree = "<group>"; };
		1E888FB523546ABA00DAA6A8 /* GameNodes.swift */ = {isa = PBXFileReference; lastKnownFileType = sourcecode.swift; path = GameNodes.swift; sourceTree = "<group>"; };
		1E888FB72354ADA700DAA6A8 /* Materials.swift */ = {isa = PBXFileReference; lastKnownFileType = sourcecode.swift; path = Materials.swift; sourceTree = "<group>"; };
		1E888FB92354AE8100DAA6A8 /* GameController.swift */ = {isa = PBXFileReference; lastKnownFileType = sourcecode.swift; path = GameController.swift; sourceTree = "<group>"; };
		1E888FBC2354B96100DAA6A8 /* InstructionOverlayView.swift */ = {isa = PBXFileReference; lastKnownFileType = sourcecode.swift; path = InstructionOverlayView.swift; sourceTree = "<group>"; };
		1E888FBE2354BFDA00DAA6A8 /* NoticePaddingLabel.swift */ = {isa = PBXFileReference; lastKnownFileType = sourcecode.swift; path = NoticePaddingLabel.swift; sourceTree = "<group>"; };
		1E93FF71235319D800278414 /* AR Rush.app */ = {isa = PBXFileReference; explicitFileType = wrapper.application; includeInIndex = 0; path = "AR Rush.app"; sourceTree = BUILT_PRODUCTS_DIR; };
		1E93FF74235319D800278414 /* AppDelegate.swift */ = {isa = PBXFileReference; lastKnownFileType = sourcecode.swift; path = AppDelegate.swift; sourceTree = "<group>"; };
		1E93FF78235319D800278414 /* MainGameViewController.swift */ = {isa = PBXFileReference; lastKnownFileType = sourcecode.swift; path = MainGameViewController.swift; sourceTree = "<group>"; };
		1E93FF7D235319DC00278414 /* Assets.xcassets */ = {isa = PBXFileReference; lastKnownFileType = folder.assetcatalog; path = Assets.xcassets; sourceTree = "<group>"; };
		1E93FF80235319DC00278414 /* Base */ = {isa = PBXFileReference; lastKnownFileType = file.storyboard; name = Base; path = Base.lproj/LaunchScreen.storyboard; sourceTree = "<group>"; };
		1E93FF82235319DC00278414 /* Info.plist */ = {isa = PBXFileReference; lastKnownFileType = text.plist.xml; path = Info.plist; sourceTree = "<group>"; };
		1E93FF8823535EB200278414 /* Utilities.swift */ = {isa = PBXFileReference; lastKnownFileType = sourcecode.swift; path = Utilities.swift; sourceTree = "<group>"; };
		1E93FF8C2353634F00278414 /* Models.scnassets */ = {isa = PBXFileReference; lastKnownFileType = wrapper.scnassets; path = Models.scnassets; sourceTree = "<group>"; };
		1EAC57AB2355A7D800AEB2AC /* GameFlowController.swift */ = {isa = PBXFileReference; lastKnownFileType = sourcecode.swift; path = GameFlowController.swift; sourceTree = "<group>"; };
		1EB59740235748150096F9F6 /* BluredView.swift */ = {isa = PBXFileReference; lastKnownFileType = sourcecode.swift; path = BluredView.swift; sourceTree = "<group>"; };
		1EB5974323589FCE0096F9F6 /* GameKit.framework */ = {isa = PBXFileReference; lastKnownFileType = wrapper.framework; name = GameKit.framework; path = System/Library/Frameworks/GameKit.framework; sourceTree = SDKROOT; };
		1EB5974523589FD80096F9F6 /* StoreKit.framework */ = {isa = PBXFileReference; lastKnownFileType = wrapper.framework; name = StoreKit.framework; path = System/Library/Frameworks/StoreKit.framework; sourceTree = SDKROOT; };
		1EB597492359BF4A0096F9F6 /* SettingsViewController.swift */ = {isa = PBXFileReference; lastKnownFileType = sourcecode.swift; path = SettingsViewController.swift; sourceTree = "<group>"; };
/* End PBXFileReference section */

/* Begin PBXFrameworksBuildPhase section */
		1E93FF6E235319D800278414 /* Frameworks */ = {
			isa = PBXFrameworksBuildPhase;
			buildActionMask = 2147483647;
			files = (
				1EB5974423589FCE0096F9F6 /* GameKit.framework in Frameworks */,
				1EB5974623589FD80096F9F6 /* StoreKit.framework in Frameworks */,
			);
			runOnlyForDeploymentPostprocessing = 0;
		};
/* End PBXFrameworksBuildPhase section */

/* Begin PBXGroup section */
		1E888FBB2354B94100DAA6A8 /* Views */ = {
			isa = PBXGroup;
			children = (
				1E888FBC2354B96100DAA6A8 /* InstructionOverlayView.swift */,
				1E888FBE2354BFDA00DAA6A8 /* NoticePaddingLabel.swift */,
				1EB59740235748150096F9F6 /* BluredView.swift */,
				1E30E081235A067C00BD6D33 /* MetalsCountView.swift */,
				1E30E083235C86FF00BD6D33 /* TutorialOverlay.swift */,
			);
			path = Views;
			sourceTree = "<group>";
		};
		1E93FF68235319D800278414 = {
			isa = PBXGroup;
			children = (
				1E93FF73235319D800278414 /* HyperCasual */,
				1E93FF72235319D800278414 /* Products */,
				1EB5974223589FCE0096F9F6 /* Frameworks */,
			);
			sourceTree = "<group>";
		};
		1E93FF72235319D800278414 /* Products */ = {
			isa = PBXGroup;
			children = (
				1E93FF71235319D800278414 /* AR Rush.app */,
			);
			name = Products;
			sourceTree = "<group>";
		};
		1E93FF73235319D800278414 /* HyperCasual */ = {
			isa = PBXGroup;
			children = (
				1EB597482359BF2B0096F9F6 /* GameControllers */,
				1EB597472359BF0B0096F9F6 /* ViewControllers */,
				1E93FF74235319D800278414 /* AppDelegate.swift */,
				1E888FBB2354B94100DAA6A8 /* Views */,
				1E1BBEF82354215D00E659A8 /* Constants.swift */,
				1E93FF8C2353634F00278414 /* Models.scnassets */,
				1E93FF8823535EB200278414 /* Utilities.swift */,
				1E93FF7D235319DC00278414 /* Assets.xcassets */,
				1E93FF7F235319DC00278414 /* LaunchScreen.storyboard */,
				1E93FF82235319DC00278414 /* Info.plist */,
			);
			path = HyperCasual;
			sourceTree = "<group>";
		};
		1EB5974223589FCE0096F9F6 /* Frameworks */ = {
			isa = PBXGroup;
			children = (
				1EB5974523589FD80096F9F6 /* StoreKit.framework */,
				1EB5974323589FCE0096F9F6 /* GameKit.framework */,
			);
			name = Frameworks;
			sourceTree = "<group>";
		};
		1EB597472359BF0B0096F9F6 /* ViewControllers */ = {
			isa = PBXGroup;
			children = (
				1E888FB32354243100DAA6A8 /* MenuViewController.swift */,
				1E93FF78235319D800278414 /* MainGameViewController.swift */,
				1EB597492359BF4A0096F9F6 /* SettingsViewController.swift */,
			);
			path = ViewControllers;
			sourceTree = "<group>";
		};
		1EB597482359BF2B0096F9F6 /* GameControllers */ = {
			isa = PBXGroup;
			children = (
				1E888FB523546ABA00DAA6A8 /* GameNodes.swift */,
				1E888FB72354ADA700DAA6A8 /* Materials.swift */,
				1E888FB92354AE8100DAA6A8 /* GameController.swift */,
				1EAC57AB2355A7D800AEB2AC /* GameFlowController.swift */,
			);
			path = GameControllers;
			sourceTree = "<group>";
		};
/* End PBXGroup section */

/* Begin PBXNativeTarget section */
		1E93FF70235319D800278414 /* HyperCasual */ = {
			isa = PBXNativeTarget;
			buildConfigurationList = 1E93FF85235319DC00278414 /* Build configuration list for PBXNativeTarget "HyperCasual" */;
			buildPhases = (
				1E93FF6D235319D800278414 /* Sources */,
				1E93FF6E235319D800278414 /* Frameworks */,
				1E93FF6F235319D800278414 /* Resources */,
			);
			buildRules = (
			);
			dependencies = (
			);
			name = HyperCasual;
			productName = HyperCasual;
			productReference = 1E93FF71235319D800278414 /* AR Rush.app */;
			productType = "com.apple.product-type.application";
		};
/* End PBXNativeTarget section */

/* Begin PBXProject section */
		1E93FF69235319D800278414 /* Project object */ = {
			isa = PBXProject;
			attributes = {
				LastSwiftUpdateCheck = 1100;
				LastUpgradeCheck = 1100;
				ORGANIZATIONNAME = "Yu Wang";
				TargetAttributes = {
					1E93FF70235319D800278414 = {
						CreatedOnToolsVersion = 11.0;
					};
				};
			};
			buildConfigurationList = 1E93FF6C235319D800278414 /* Build configuration list for PBXProject "HyperCasual" */;
			compatibilityVersion = "Xcode 9.3";
			developmentRegion = en;
			hasScannedForEncodings = 0;
			knownRegions = (
				en,
				Base,
			);
			mainGroup = 1E93FF68235319D800278414;
			productRefGroup = 1E93FF72235319D800278414 /* Products */;
			projectDirPath = "";
			projectRoot = "";
			targets = (
				1E93FF70235319D800278414 /* HyperCasual */,
			);
		};
/* End PBXProject section */

/* Begin PBXResourcesBuildPhase section */
		1E93FF6F235319D800278414 /* Resources */ = {
			isa = PBXResourcesBuildPhase;
			buildActionMask = 2147483647;
			files = (
				1E93FF8D2353634F00278414 /* Models.scnassets in Resources */,
				1E93FF81235319DC00278414 /* LaunchScreen.storyboard in Resources */,
				1E93FF7E235319DC00278414 /* Assets.xcassets in Resources */,
			);
			runOnlyForDeploymentPostprocessing = 0;
		};
/* End PBXResourcesBuildPhase section */

/* Begin PBXSourcesBuildPhase section */
		1E93FF6D235319D800278414 /* Sources */ = {
			isa = PBXSourcesBuildPhase;
			buildActionMask = 2147483647;
			files = (
				1E93FF8923535EB200278414 /* Utilities.swift in Sources */,
				1E888FB42354243100DAA6A8 /* MenuViewController.swift in Sources */,
				1EAC57AC2355A7D800AEB2AC /* GameFlowController.swift in Sources */,
				1E93FF79235319D800278414 /* MainGameViewController.swift in Sources */,
				1EB59741235748150096F9F6 /* BluredView.swift in Sources */,
				1E888FB82354ADA700DAA6A8 /* Materials.swift in Sources */,
				1E888FB623546ABA00DAA6A8 /* GameNodes.swift in Sources */,
				1E888FBA2354AE8100DAA6A8 /* GameController.swift in Sources */,
				1E888FBF2354BFDA00DAA6A8 /* NoticePaddingLabel.swift in Sources */,
				1E888FBD2354B96100DAA6A8 /* InstructionOverlayView.swift in Sources */,
				1E30E082235A067C00BD6D33 /* MetalsCountView.swift in Sources */,
				1EB5974A2359BF4A0096F9F6 /* SettingsViewController.swift in Sources */,
				1E30E084235C86FF00BD6D33 /* TutorialOverlay.swift in Sources */,
				1E93FF75235319D800278414 /* AppDelegate.swift in Sources */,
				1E1BBEF92354215D00E659A8 /* Constants.swift in Sources */,
			);
			runOnlyForDeploymentPostprocessing = 0;
		};
/* End PBXSourcesBuildPhase section */

/* Begin PBXVariantGroup section */
		1E93FF7F235319DC00278414 /* LaunchScreen.storyboard */ = {
			isa = PBXVariantGroup;
			children = (
				1E93FF80235319DC00278414 /* Base */,
			);
			name = LaunchScreen.storyboard;
			sourceTree = "<group>";
		};
/* End PBXVariantGroup section */

/* Begin XCBuildConfiguration section */
		1E93FF83235319DC00278414 /* Debug */ = {
			isa = XCBuildConfiguration;
			buildSettings = {
				ALWAYS_SEARCH_USER_PATHS = NO;
				CLANG_ANALYZER_NONNULL = YES;
				CLANG_ANALYZER_NUMBER_OBJECT_CONVERSION = YES_AGGRESSIVE;
				CLANG_CXX_LANGUAGE_STANDARD = "gnu++14";
				CLANG_CXX_LIBRARY = "libc++";
				CLANG_ENABLE_MODULES = YES;
				CLANG_ENABLE_OBJC_ARC = YES;
				CLANG_ENABLE_OBJC_WEAK = YES;
				CLANG_WARN_BLOCK_CAPTURE_AUTORELEASING = YES;
				CLANG_WARN_BOOL_CONVERSION = YES;
				CLANG_WARN_COMMA = YES;
				CLANG_WARN_CONSTANT_CONVERSION = YES;
				CLANG_WARN_DEPRECATED_OBJC_IMPLEMENTATIONS = YES;
				CLANG_WARN_DIRECT_OBJC_ISA_USAGE = YES_ERROR;
				CLANG_WARN_DOCUMENTATION_COMMENTS = YES;
				CLANG_WARN_EMPTY_BODY = YES;
				CLANG_WARN_ENUM_CONVERSION = YES;
				CLANG_WARN_INFINITE_RECURSION = YES;
				CLANG_WARN_INT_CONVERSION = YES;
				CLANG_WARN_NON_LITERAL_NULL_CONVERSION = YES;
				CLANG_WARN_OBJC_IMPLICIT_RETAIN_SELF = YES;
				CLANG_WARN_OBJC_LITERAL_CONVERSION = YES;
				CLANG_WARN_OBJC_ROOT_CLASS = YES_ERROR;
				CLANG_WARN_RANGE_LOOP_ANALYSIS = YES;
				CLANG_WARN_STRICT_PROTOTYPES = YES;
				CLANG_WARN_SUSPICIOUS_MOVE = YES;
				CLANG_WARN_UNGUARDED_AVAILABILITY = YES_AGGRESSIVE;
				CLANG_WARN_UNREACHABLE_CODE = YES;
				CLANG_WARN__DUPLICATE_METHOD_MATCH = YES;
				COPY_PHASE_STRIP = NO;
				DEBUG_INFORMATION_FORMAT = dwarf;
				ENABLE_STRICT_OBJC_MSGSEND = YES;
				ENABLE_TESTABILITY = YES;
				GCC_C_LANGUAGE_STANDARD = gnu11;
				GCC_DYNAMIC_NO_PIC = NO;
				GCC_NO_COMMON_BLOCKS = YES;
				GCC_OPTIMIZATION_LEVEL = 0;
				GCC_PREPROCESSOR_DEFINITIONS = (
					"DEBUG=1",
					"$(inherited)",
				);
				GCC_WARN_64_TO_32_BIT_CONVERSION = YES;
				GCC_WARN_ABOUT_RETURN_TYPE = YES_ERROR;
				GCC_WARN_UNDECLARED_SELECTOR = YES;
				GCC_WARN_UNINITIALIZED_AUTOS = YES_AGGRESSIVE;
				GCC_WARN_UNUSED_FUNCTION = YES;
				GCC_WARN_UNUSED_VARIABLE = YES;
				IPHONEOS_DEPLOYMENT_TARGET = 13.0;
				MTL_ENABLE_DEBUG_INFO = INCLUDE_SOURCE;
				MTL_FAST_MATH = YES;
				ONLY_ACTIVE_ARCH = YES;
				SDKROOT = iphoneos;
				SWIFT_ACTIVE_COMPILATION_CONDITIONS = DEBUG;
				SWIFT_OPTIMIZATION_LEVEL = "-Onone";
			};
			name = Debug;
		};
		1E93FF84235319DC00278414 /* Release */ = {
			isa = XCBuildConfiguration;
			buildSettings = {
				ALWAYS_SEARCH_USER_PATHS = NO;
				CLANG_ANALYZER_NONNULL = YES;
				CLANG_ANALYZER_NUMBER_OBJECT_CONVERSION = YES_AGGRESSIVE;
				CLANG_CXX_LANGUAGE_STANDARD = "gnu++14";
				CLANG_CXX_LIBRARY = "libc++";
				CLANG_ENABLE_MODULES = YES;
				CLANG_ENABLE_OBJC_ARC = YES;
				CLANG_ENABLE_OBJC_WEAK = YES;
				CLANG_WARN_BLOCK_CAPTURE_AUTORELEASING = YES;
				CLANG_WARN_BOOL_CONVERSION = YES;
				CLANG_WARN_COMMA = YES;
				CLANG_WARN_CONSTANT_CONVERSION = YES;
				CLANG_WARN_DEPRECATED_OBJC_IMPLEMENTATIONS = YES;
				CLANG_WARN_DIRECT_OBJC_ISA_USAGE = YES_ERROR;
				CLANG_WARN_DOCUMENTATION_COMMENTS = YES;
				CLANG_WARN_EMPTY_BODY = YES;
				CLANG_WARN_ENUM_CONVERSION = YES;
				CLANG_WARN_INFINITE_RECURSION = YES;
				CLANG_WARN_INT_CONVERSION = YES;
				CLANG_WARN_NON_LITERAL_NULL_CONVERSION = YES;
				CLANG_WARN_OBJC_IMPLICIT_RETAIN_SELF = YES;
				CLANG_WARN_OBJC_LITERAL_CONVERSION = YES;
				CLANG_WARN_OBJC_ROOT_CLASS = YES_ERROR;
				CLANG_WARN_RANGE_LOOP_ANALYSIS = YES;
				CLANG_WARN_STRICT_PROTOTYPES = YES;
				CLANG_WARN_SUSPICIOUS_MOVE = YES;
				CLANG_WARN_UNGUARDED_AVAILABILITY = YES_AGGRESSIVE;
				CLANG_WARN_UNREACHABLE_CODE = YES;
				CLANG_WARN__DUPLICATE_METHOD_MATCH = YES;
				COPY_PHASE_STRIP = NO;
				DEBUG_INFORMATION_FORMAT = "dwarf-with-dsym";
				ENABLE_NS_ASSERTIONS = NO;
				ENABLE_STRICT_OBJC_MSGSEND = YES;
				GCC_C_LANGUAGE_STANDARD = gnu11;
				GCC_NO_COMMON_BLOCKS = YES;
				GCC_WARN_64_TO_32_BIT_CONVERSION = YES;
				GCC_WARN_ABOUT_RETURN_TYPE = YES_ERROR;
				GCC_WARN_UNDECLARED_SELECTOR = YES;
				GCC_WARN_UNINITIALIZED_AUTOS = YES_AGGRESSIVE;
				GCC_WARN_UNUSED_FUNCTION = YES;
				GCC_WARN_UNUSED_VARIABLE = YES;
				IPHONEOS_DEPLOYMENT_TARGET = 13.0;
				MTL_ENABLE_DEBUG_INFO = NO;
				MTL_FAST_MATH = YES;
				SDKROOT = iphoneos;
				SWIFT_COMPILATION_MODE = wholemodule;
				SWIFT_OPTIMIZATION_LEVEL = "-O";
				VALIDATE_PRODUCT = YES;
			};
			name = Release;
		};
		1E93FF86235319DC00278414 /* Debug */ = {
			isa = XCBuildConfiguration;
			buildSettings = {
				ASSETCATALOG_COMPILER_APPICON_NAME = AppIcon;
				CODE_SIGN_STYLE = Automatic;
				CURRENT_PROJECT_VERSION = 10;
				DEVELOPMENT_TEAM = 6WSD5B98L3;
				INFOPLIST_FILE = HyperCasual/Info.plist;
				IPHONEOS_DEPLOYMENT_TARGET = 12.0;
				LD_RUNPATH_SEARCH_PATHS = (
					"$(inherited)",
					"@executable_path/Frameworks",
				);
				PRODUCT_BUNDLE_IDENTIFIER = com.illumination.HyperCasual;
				PRODUCT_NAME = "AR Rush";
				SWIFT_VERSION = 5.0;
				TARGETED_DEVICE_FAMILY = "1,2";
			};
			name = Debug;
		};
		1E93FF87235319DC00278414 /* Release */ = {
			isa = XCBuildConfiguration;
			buildSettings = {
				ASSETCATALOG_COMPILER_APPICON_NAME = AppIcon;
				CODE_SIGN_STYLE = Automatic;
				CURRENT_PROJECT_VERSION = 10;
				DEVELOPMENT_TEAM = 6WSD5B98L3;
				INFOPLIST_FILE = HyperCasual/Info.plist;
				IPHONEOS_DEPLOYMENT_TARGET = 12.0;
				LD_RUNPATH_SEARCH_PATHS = (
					"$(inherited)",
					"@executable_path/Frameworks",
				);
				PRODUCT_BUNDLE_IDENTIFIER = com.illumination.HyperCasual;
				PRODUCT_NAME = "AR Rush";
				SWIFT_VERSION = 5.0;
				TARGETED_DEVICE_FAMILY = "1,2";
			};
			name = Release;
		};
/* End XCBuildConfiguration section */

/* Begin XCConfigurationList section */
		1E93FF6C235319D800278414 /* Build configuration list for PBXProject "HyperCasual" */ = {
			isa = XCConfigurationList;
			buildConfigurations = (
				1E93FF83235319DC00278414 /* Debug */,
				1E93FF84235319DC00278414 /* Release */,
			);
			defaultConfigurationIsVisible = 0;
			defaultConfigurationName = Release;
		};
		1E93FF85235319DC00278414 /* Build configuration list for PBXNativeTarget "HyperCasual" */ = {
			isa = XCConfigurationList;
			buildConfigurations = (
				1E93FF86235319DC00278414 /* Debug */,
				1E93FF87235319DC00278414 /* Release */,
			);
			defaultConfigurationIsVisible = 0;
			defaultConfigurationName = Release;
		};
/* End XCConfigurationList section */
	};
	rootObject = 1E93FF69235319D800278414 /* Project object */;
}
